
Microsoft Visual Studio Solution File, Format Version 12.00
Project("{FAE04EC0-301F-11D3-BF4B-00C04F79EFBC}") = "AssetPipeline", "AssetPipeline.csproj", "{6DFF34AB-F36C-4173-AB3C-D28E7A68180A}"
EndProject
Global
	GlobalSection(SolutionConfigurationPlatforms) = preSolution
		Debug|Any CPU = Debug|Any CPU
		Release|Any CPU = Release|Any CPU
	EndGlobalSection
	GlobalSection(ProjectConfigurationPlatforms) = postSolution
		{6DFF34AB-F36C-4173-AB3C-D28E7A68180A}.Debug|Any CPU.ActiveCfg = Debug|Any CPU
		{6DFF34AB-F36C-4173-AB3C-D28E7A68180A}.Debug|Any CPU.Build.0 = Debug|Any CPU
		{6DFF34AB-F36C-4173-AB3C-D28E7A68180A}.Release|Any CPU.ActiveCfg = Release|Any CPU
		{6DFF34AB-F36C-4173-AB3C-D28E7A68180A}.Release|Any CPU.Build.0 = Release|Any CPU
	EndGlobalSection
EndGlobal
